// !$*UTF8*$!
{
	archiveVersion = 1;
	classes = {
	};
	objectVersion = 50;
	objects = {

/* Begin PBXBuildFile section */
		129D34C9B03CCC982B806AB6 /* Pods_SurveysList.framework in Frameworks */ = {isa = PBXBuildFile; fileRef = 8D80D9ACF076D74FD0F93393 /* Pods_SurveysList.framework */; };
		C5DF1F502259B1EA0033B8D7 /* AppDelegate.swift in Sources */ = {isa = PBXBuildFile; fileRef = C5DF1F4F2259B1EA0033B8D7 /* AppDelegate.swift */; };
		C5DF1F552259B1EA0033B8D7 /* Main.storyboard in Resources */ = {isa = PBXBuildFile; fileRef = C5DF1F532259B1EA0033B8D7 /* Main.storyboard */; };
		C5DF1F572259B1EB0033B8D7 /* Assets.xcassets in Resources */ = {isa = PBXBuildFile; fileRef = C5DF1F562259B1EB0033B8D7 /* Assets.xcassets */; };
		C5DF1F5A2259B1EB0033B8D7 /* LaunchScreen.storyboard in Resources */ = {isa = PBXBuildFile; fileRef = C5DF1F582259B1EB0033B8D7 /* LaunchScreen.storyboard */; };
		C5DF1F652259B1EB0033B8D7 /* SurveysListTests.swift in Sources */ = {isa = PBXBuildFile; fileRef = C5DF1F642259B1EB0033B8D7 /* SurveysListTests.swift */; };
		C5DF1F702259B1EB0033B8D7 /* SurveysListUITests.swift in Sources */ = {isa = PBXBuildFile; fileRef = C5DF1F6F2259B1EB0033B8D7 /* SurveysListUITests.swift */; };
		C5DF1F7F2259BBB40033B8D7 /* Survey.swift in Sources */ = {isa = PBXBuildFile; fileRef = C5DF1F7E2259BBB40033B8D7 /* Survey.swift */; };
		C5DF1F842259BCF70033B8D7 /* Surveys.storyboard in Resources */ = {isa = PBXBuildFile; fileRef = C5DF1F832259BCF70033B8D7 /* Surveys.storyboard */; };
		C5DF1F8A2259C5690033B8D7 /* SurveyCardCell.swift in Sources */ = {isa = PBXBuildFile; fileRef = C5DF1F882259C5690033B8D7 /* SurveyCardCell.swift */; };
		C5DF1F8B2259C5690033B8D7 /* SurveyCardCell.xib in Resources */ = {isa = PBXBuildFile; fileRef = C5DF1F892259C5690033B8D7 /* SurveyCardCell.xib */; };
		C5DF1F8D2259C88E0033B8D7 /* SurveysService.swift in Sources */ = {isa = PBXBuildFile; fileRef = C5DF1F8C2259C88E0033B8D7 /* SurveysService.swift */; };
		C5DF1F902259C92B0033B8D7 /* BaseService.swift in Sources */ = {isa = PBXBuildFile; fileRef = C5DF1F8F2259C92B0033B8D7 /* BaseService.swift */; };
		C5DF1F982259D4E30033B8D7 /* SurveyTableViewController.swift in Sources */ = {isa = PBXBuildFile; fileRef = C5DF1F972259D4E30033B8D7 /* SurveyTableViewController.swift */; };
/* End PBXBuildFile section */

/* Begin PBXContainerItemProxy section */
		C5DF1F612259B1EB0033B8D7 /* PBXContainerItemProxy */ = {
			isa = PBXContainerItemProxy;
			containerPortal = C5DF1F442259B1EA0033B8D7 /* Project object */;
			proxyType = 1;
			remoteGlobalIDString = C5DF1F4B2259B1EA0033B8D7;
			remoteInfo = SurveysList;
		};
		C5DF1F6C2259B1EB0033B8D7 /* PBXContainerItemProxy */ = {
			isa = PBXContainerItemProxy;
			containerPortal = C5DF1F442259B1EA0033B8D7 /* Project object */;
			proxyType = 1;
			remoteGlobalIDString = C5DF1F4B2259B1EA0033B8D7;
			remoteInfo = SurveysList;
		};
/* End PBXContainerItemProxy section */

/* Begin PBXFileReference section */
		63BB8D161303FBC247D2C606 /* Pods-SurveysList.debug.xcconfig */ = {isa = PBXFileReference; includeInIndex = 1; lastKnownFileType = text.xcconfig; name = "Pods-SurveysList.debug.xcconfig"; path = "Pods/Target Support Files/Pods-SurveysList/Pods-SurveysList.debug.xcconfig"; sourceTree = "<group>"; };
		6EB48A2291BAF6D7CFF14079 /* Pods-SurveysList.release.xcconfig */ = {isa = PBXFileReference; includeInIndex = 1; lastKnownFileType = text.xcconfig; name = "Pods-SurveysList.release.xcconfig"; path = "Pods/Target Support Files/Pods-SurveysList/Pods-SurveysList.release.xcconfig"; sourceTree = "<group>"; };
		8D80D9ACF076D74FD0F93393 /* Pods_SurveysList.framework */ = {isa = PBXFileReference; explicitFileType = wrapper.framework; includeInIndex = 0; path = Pods_SurveysList.framework; sourceTree = BUILT_PRODUCTS_DIR; };
		C5DF1F4C2259B1EA0033B8D7 /* SurveysList.app */ = {isa = PBXFileReference; explicitFileType = wrapper.application; includeInIndex = 0; path = SurveysList.app; sourceTree = BUILT_PRODUCTS_DIR; };
		C5DF1F4F2259B1EA0033B8D7 /* AppDelegate.swift */ = {isa = PBXFileReference; lastKnownFileType = sourcecode.swift; path = AppDelegate.swift; sourceTree = "<group>"; };
		C5DF1F542259B1EA0033B8D7 /* Base */ = {isa = PBXFileReference; lastKnownFileType = file.storyboard; name = Base; path = Base.lproj/Main.storyboard; sourceTree = "<group>"; };
		C5DF1F562259B1EB0033B8D7 /* Assets.xcassets */ = {isa = PBXFileReference; lastKnownFileType = folder.assetcatalog; path = Assets.xcassets; sourceTree = "<group>"; };
		C5DF1F592259B1EB0033B8D7 /* Base */ = {isa = PBXFileReference; lastKnownFileType = file.storyboard; name = Base; path = Base.lproj/LaunchScreen.storyboard; sourceTree = "<group>"; };
		C5DF1F5B2259B1EB0033B8D7 /* Info.plist */ = {isa = PBXFileReference; lastKnownFileType = text.plist.xml; path = Info.plist; sourceTree = "<group>"; };
		C5DF1F602259B1EB0033B8D7 /* SurveysListTests.xctest */ = {isa = PBXFileReference; explicitFileType = wrapper.cfbundle; includeInIndex = 0; path = SurveysListTests.xctest; sourceTree = BUILT_PRODUCTS_DIR; };
		C5DF1F642259B1EB0033B8D7 /* SurveysListTests.swift */ = {isa = PBXFileReference; lastKnownFileType = sourcecode.swift; path = SurveysListTests.swift; sourceTree = "<group>"; };
		C5DF1F662259B1EB0033B8D7 /* Info.plist */ = {isa = PBXFileReference; lastKnownFileType = text.plist.xml; path = Info.plist; sourceTree = "<group>"; };
		C5DF1F6B2259B1EB0033B8D7 /* SurveysListUITests.xctest */ = {isa = PBXFileReference; explicitFileType = wrapper.cfbundle; includeInIndex = 0; path = SurveysListUITests.xctest; sourceTree = BUILT_PRODUCTS_DIR; };
		C5DF1F6F2259B1EB0033B8D7 /* SurveysListUITests.swift */ = {isa = PBXFileReference; lastKnownFileType = sourcecode.swift; path = SurveysListUITests.swift; sourceTree = "<group>"; };
		C5DF1F712259B1EB0033B8D7 /* Info.plist */ = {isa = PBXFileReference; lastKnownFileType = text.plist.xml; path = Info.plist; sourceTree = "<group>"; };
		C5DF1F7E2259BBB40033B8D7 /* Survey.swift */ = {isa = PBXFileReference; lastKnownFileType = sourcecode.swift; path = Survey.swift; sourceTree = "<group>"; };
		C5DF1F832259BCF70033B8D7 /* Surveys.storyboard */ = {isa = PBXFileReference; lastKnownFileType = file.storyboard; path = Surveys.storyboard; sourceTree = "<group>"; };
		C5DF1F882259C5690033B8D7 /* SurveyCardCell.swift */ = {isa = PBXFileReference; lastKnownFileType = sourcecode.swift; path = SurveyCardCell.swift; sourceTree = "<group>"; };
		C5DF1F892259C5690033B8D7 /* SurveyCardCell.xib */ = {isa = PBXFileReference; lastKnownFileType = file.xib; path = SurveyCardCell.xib; sourceTree = "<group>"; };
		C5DF1F8C2259C88E0033B8D7 /* SurveysService.swift */ = {isa = PBXFileReference; lastKnownFileType = sourcecode.swift; path = SurveysService.swift; sourceTree = "<group>"; };
		C5DF1F8F2259C92B0033B8D7 /* BaseService.swift */ = {isa = PBXFileReference; lastKnownFileType = sourcecode.swift; path = BaseService.swift; sourceTree = "<group>"; };
		C5DF1F972259D4E30033B8D7 /* SurveyTableViewController.swift */ = {isa = PBXFileReference; lastKnownFileType = sourcecode.swift; path = SurveyTableViewController.swift; sourceTree = "<group>"; };
/* End PBXFileReference section */

/* Begin PBXFrameworksBuildPhase section */
		C5DF1F492259B1EA0033B8D7 /* Frameworks */ = {
			isa = PBXFrameworksBuildPhase;
			buildActionMask = 2147483647;
			files = (
				129D34C9B03CCC982B806AB6 /* Pods_SurveysList.framework in Frameworks */,
			);
			runOnlyForDeploymentPostprocessing = 0;
		};
		C5DF1F5D2259B1EB0033B8D7 /* Frameworks */ = {
			isa = PBXFrameworksBuildPhase;
			buildActionMask = 2147483647;
			files = (
			);
			runOnlyForDeploymentPostprocessing = 0;
		};
		C5DF1F682259B1EB0033B8D7 /* Frameworks */ = {
			isa = PBXFrameworksBuildPhase;
			buildActionMask = 2147483647;
			files = (
			);
			runOnlyForDeploymentPostprocessing = 0;
		};
/* End PBXFrameworksBuildPhase section */

/* Begin PBXGroup section */
		77BCE542AA4AAADE5A6BF669 /* Pods */ = {
			isa = PBXGroup;
			children = (
				63BB8D161303FBC247D2C606 /* Pods-SurveysList.debug.xcconfig */,
				6EB48A2291BAF6D7CFF14079 /* Pods-SurveysList.release.xcconfig */,
			);
			name = Pods;
			sourceTree = "<group>";
		};
		C5DF1F432259B1EA0033B8D7 = {
			isa = PBXGroup;
			children = (
				C5DF1F4E2259B1EA0033B8D7 /* SurveysList */,
				C5DF1F632259B1EB0033B8D7 /* SurveysListTests */,
				C5DF1F6E2259B1EB0033B8D7 /* SurveysListUITests */,
				C5DF1F4D2259B1EA0033B8D7 /* Products */,
				77BCE542AA4AAADE5A6BF669 /* Pods */,
				FA287ADC112DD3B9E8DF125B /* Frameworks */,
			);
			sourceTree = "<group>";
		};
		C5DF1F4D2259B1EA0033B8D7 /* Products */ = {
			isa = PBXGroup;
			children = (
				C5DF1F4C2259B1EA0033B8D7 /* SurveysList.app */,
				C5DF1F602259B1EB0033B8D7 /* SurveysListTests.xctest */,
				C5DF1F6B2259B1EB0033B8D7 /* SurveysListUITests.xctest */,
			);
			name = Products;
			sourceTree = "<group>";
		};
		C5DF1F4E2259B1EA0033B8D7 /* SurveysList */ = {
			isa = PBXGroup;
			children = (
				C5DF1F4F2259B1EA0033B8D7 /* AppDelegate.swift */,
				C5DF1F852259C3F30033B8D7 /* Common */,
				C5DF1F802259BCC90033B8D7 /* Surveys */,
				C5DF1F532259B1EA0033B8D7 /* Main.storyboard */,
				C5DF1F7D2259BB7D0033B8D7 /* Resources */,
				C5DF1F582259B1EB0033B8D7 /* LaunchScreen.storyboard */,
				C5DF1F5B2259B1EB0033B8D7 /* Info.plist */,
			);
			path = SurveysList;
			sourceTree = "<group>";
		};
		C5DF1F632259B1EB0033B8D7 /* SurveysListTests */ = {
			isa = PBXGroup;
			children = (
				C5DF1F642259B1EB0033B8D7 /* SurveysListTests.swift */,
				C5DF1F662259B1EB0033B8D7 /* Info.plist */,
			);
			path = SurveysListTests;
			sourceTree = "<group>";
		};
		C5DF1F6E2259B1EB0033B8D7 /* SurveysListUITests */ = {
			isa = PBXGroup;
			children = (
				C5DF1F6F2259B1EB0033B8D7 /* SurveysListUITests.swift */,
				C5DF1F712259B1EB0033B8D7 /* Info.plist */,
			);
			path = SurveysListUITests;
			sourceTree = "<group>";
		};
		C5DF1F7D2259BB7D0033B8D7 /* Resources */ = {
			isa = PBXGroup;
			children = (
				C5DF1F562259B1EB0033B8D7 /* Assets.xcassets */,
			);
			path = Resources;
			sourceTree = "<group>";
		};
		C5DF1F802259BCC90033B8D7 /* Surveys */ = {
			isa = PBXGroup;
			children = (
				C5DF1F942259D47E0033B8D7 /* Controllers */,
				C5DF1F8E2259C8A80033B8D7 /* API */,
				C5DF1F822259BCDC0033B8D7 /* Views */,
				C5DF1F812259BCD20033B8D7 /* Models */,
			);
			path = Surveys;
			sourceTree = "<group>";
		};
		C5DF1F812259BCD20033B8D7 /* Models */ = {
			isa = PBXGroup;
			children = (
				C5DF1F7E2259BBB40033B8D7 /* Survey.swift */,
			);
			path = Models;
			sourceTree = "<group>";
		};
		C5DF1F822259BCDC0033B8D7 /* Views */ = {
			isa = PBXGroup;
			children = (
				C5DF1F832259BCF70033B8D7 /* Surveys.storyboard */,
				C5DF1F882259C5690033B8D7 /* SurveyCardCell.swift */,
				C5DF1F892259C5690033B8D7 /* SurveyCardCell.xib */,
			);
			path = Views;
			sourceTree = "<group>";
		};
		C5DF1F852259C3F30033B8D7 /* Common */ = {
			isa = PBXGroup;
			children = (
				C5DF1F872259C40F0033B8D7 /* Utils */,
				C5DF1F862259C4050033B8D7 /* Extensions */,
				C5DF1F912259C9300033B8D7 /* API */,
			);
			path = Common;
			sourceTree = "<group>";
		};
		C5DF1F862259C4050033B8D7 /* Extensions */ = {
			isa = PBXGroup;
			children = (
			);
			path = Extensions;
			sourceTree = "<group>";
		};
		C5DF1F872259C40F0033B8D7 /* Utils */ = {
			isa = PBXGroup;
			children = (
			);
			path = Utils;
			sourceTree = "<group>";
		};
		C5DF1F8E2259C8A80033B8D7 /* API */ = {
			isa = PBXGroup;
			children = (
				C5DF1F8C2259C88E0033B8D7 /* SurveysService.swift */,
			);
			path = API;
			sourceTree = "<group>";
		};
		C5DF1F912259C9300033B8D7 /* API */ = {
			isa = PBXGroup;
			children = (
				C5DF1F8F2259C92B0033B8D7 /* BaseService.swift */,
			);
			path = API;
			sourceTree = "<group>";
		};
		C5DF1F942259D47E0033B8D7 /* Controllers */ = {
			isa = PBXGroup;
			children = (
				C5DF1F972259D4E30033B8D7 /* SurveyTableViewController.swift */,
			);
			path = Controllers;
			sourceTree = "<group>";
		};
		FA287ADC112DD3B9E8DF125B /* Frameworks */ = {
			isa = PBXGroup;
			children = (
				8D80D9ACF076D74FD0F93393 /* Pods_SurveysList.framework */,
			);
			name = Frameworks;
			sourceTree = "<group>";
		};
/* End PBXGroup section */

/* Begin PBXNativeTarget section */
		C5DF1F4B2259B1EA0033B8D7 /* SurveysList */ = {
			isa = PBXNativeTarget;
			buildConfigurationList = C5DF1F742259B1EB0033B8D7 /* Build configuration list for PBXNativeTarget "SurveysList" */;
			buildPhases = (
				145F7AE7ABE21BD817F72E6E /* [CP] Check Pods Manifest.lock */,
				C5DF1F482259B1EA0033B8D7 /* Sources */,
				C5DF1F492259B1EA0033B8D7 /* Frameworks */,
				C5DF1F4A2259B1EA0033B8D7 /* Resources */,
				CAFE6E5BF84992149E978AD3 /* [CP] Embed Pods Frameworks */,
			);
			buildRules = (
			);
			dependencies = (
			);
			name = SurveysList;
			productName = SurveysList;
			productReference = C5DF1F4C2259B1EA0033B8D7 /* SurveysList.app */;
			productType = "com.apple.product-type.application";
		};
		C5DF1F5F2259B1EB0033B8D7 /* SurveysListTests */ = {
			isa = PBXNativeTarget;
			buildConfigurationList = C5DF1F772259B1EB0033B8D7 /* Build configuration list for PBXNativeTarget "SurveysListTests" */;
			buildPhases = (
				C5DF1F5C2259B1EB0033B8D7 /* Sources */,
				C5DF1F5D2259B1EB0033B8D7 /* Frameworks */,
				C5DF1F5E2259B1EB0033B8D7 /* Resources */,
			);
			buildRules = (
			);
			dependencies = (
				C5DF1F622259B1EB0033B8D7 /* PBXTargetDependency */,
			);
			name = SurveysListTests;
			productName = SurveysListTests;
			productReference = C5DF1F602259B1EB0033B8D7 /* SurveysListTests.xctest */;
			productType = "com.apple.product-type.bundle.unit-test";
		};
		C5DF1F6A2259B1EB0033B8D7 /* SurveysListUITests */ = {
			isa = PBXNativeTarget;
			buildConfigurationList = C5DF1F7A2259B1EB0033B8D7 /* Build configuration list for PBXNativeTarget "SurveysListUITests" */;
			buildPhases = (
				C5DF1F672259B1EB0033B8D7 /* Sources */,
				C5DF1F682259B1EB0033B8D7 /* Frameworks */,
				C5DF1F692259B1EB0033B8D7 /* Resources */,
			);
			buildRules = (
			);
			dependencies = (
				C5DF1F6D2259B1EB0033B8D7 /* PBXTargetDependency */,
			);
			name = SurveysListUITests;
			productName = SurveysListUITests;
			productReference = C5DF1F6B2259B1EB0033B8D7 /* SurveysListUITests.xctest */;
			productType = "com.apple.product-type.bundle.ui-testing";
		};
/* End PBXNativeTarget section */

/* Begin PBXProject section */
		C5DF1F442259B1EA0033B8D7 /* Project object */ = {
			isa = PBXProject;
			attributes = {
				LastSwiftUpdateCheck = 1010;
				LastUpgradeCheck = 1010;
				ORGANIZATIONNAME = Nimble;
				TargetAttributes = {
					C5DF1F4B2259B1EA0033B8D7 = {
						CreatedOnToolsVersion = 10.1;
					};
					C5DF1F5F2259B1EB0033B8D7 = {
						CreatedOnToolsVersion = 10.1;
						TestTargetID = C5DF1F4B2259B1EA0033B8D7;
					};
					C5DF1F6A2259B1EB0033B8D7 = {
						CreatedOnToolsVersion = 10.1;
						TestTargetID = C5DF1F4B2259B1EA0033B8D7;
					};
				};
			};
			buildConfigurationList = C5DF1F472259B1EA0033B8D7 /* Build configuration list for PBXProject "SurveysList" */;
			compatibilityVersion = "Xcode 9.3";
			developmentRegion = en;
			hasScannedForEncodings = 0;
			knownRegions = (
				en,
				Base,
			);
			mainGroup = C5DF1F432259B1EA0033B8D7;
			productRefGroup = C5DF1F4D2259B1EA0033B8D7 /* Products */;
			projectDirPath = "";
			projectRoot = "";
			targets = (
				C5DF1F4B2259B1EA0033B8D7 /* SurveysList */,
				C5DF1F5F2259B1EB0033B8D7 /* SurveysListTests */,
				C5DF1F6A2259B1EB0033B8D7 /* SurveysListUITests */,
			);
		};
/* End PBXProject section */

/* Begin PBXResourcesBuildPhase section */
		C5DF1F4A2259B1EA0033B8D7 /* Resources */ = {
			isa = PBXResourcesBuildPhase;
			buildActionMask = 2147483647;
			files = (
				C5DF1F5A2259B1EB0033B8D7 /* LaunchScreen.storyboard in Resources */,
				C5DF1F572259B1EB0033B8D7 /* Assets.xcassets in Resources */,
				C5DF1F842259BCF70033B8D7 /* Surveys.storyboard in Resources */,
				C5DF1F552259B1EA0033B8D7 /* Main.storyboard in Resources */,
				C5DF1F8B2259C5690033B8D7 /* SurveyCardCell.xib in Resources */,
			);
			runOnlyForDeploymentPostprocessing = 0;
		};
		C5DF1F5E2259B1EB0033B8D7 /* Resources */ = {
			isa = PBXResourcesBuildPhase;
			buildActionMask = 2147483647;
			files = (
			);
			runOnlyForDeploymentPostprocessing = 0;
		};
		C5DF1F692259B1EB0033B8D7 /* Resources */ = {
			isa = PBXResourcesBuildPhase;
			buildActionMask = 2147483647;
			files = (
			);
			runOnlyForDeploymentPostprocessing = 0;
		};
/* End PBXResourcesBuildPhase section */

/* Begin PBXShellScriptBuildPhase section */
		145F7AE7ABE21BD817F72E6E /* [CP] Check Pods Manifest.lock */ = {
			isa = PBXShellScriptBuildPhase;
			buildActionMask = 2147483647;
			files = (
			);
			inputFileListPaths = (
			);
			inputPaths = (
				"${PODS_PODFILE_DIR_PATH}/Podfile.lock",
				"${PODS_ROOT}/Manifest.lock",
			);
			name = "[CP] Check Pods Manifest.lock";
			outputFileListPaths = (
			);
			outputPaths = (
				"$(DERIVED_FILE_DIR)/Pods-SurveysList-checkManifestLockResult.txt",
			);
			runOnlyForDeploymentPostprocessing = 0;
			shellPath = /bin/sh;
			shellScript = "diff \"${PODS_PODFILE_DIR_PATH}/Podfile.lock\" \"${PODS_ROOT}/Manifest.lock\" > /dev/null\nif [ $? != 0 ] ; then\n    # print error to STDERR\n    echo \"error: The sandbox is not in sync with the Podfile.lock. Run 'pod install' or update your CocoaPods installation.\" >&2\n    exit 1\nfi\n# This output is used by Xcode 'outputs' to avoid re-running this script phase.\necho \"SUCCESS\" > \"${SCRIPT_OUTPUT_FILE_0}\"\n";
			showEnvVarsInLog = 0;
		};
		CAFE6E5BF84992149E978AD3 /* [CP] Embed Pods Frameworks */ = {
			isa = PBXShellScriptBuildPhase;
			buildActionMask = 2147483647;
			files = (
			);
			inputFileListPaths = (
			);
			inputPaths = (
				"${SRCROOT}/Pods/Target Support Files/Pods-SurveysList/Pods-SurveysList-frameworks.sh",
				"${BUILT_PRODUCTS_DIR}/Alamofire/Alamofire.framework",
			);
			name = "[CP] Embed Pods Frameworks";
			outputFileListPaths = (
			);
			outputPaths = (
				"${TARGET_BUILD_DIR}/${FRAMEWORKS_FOLDER_PATH}/Alamofire.framework",
			);
			runOnlyForDeploymentPostprocessing = 0;
			shellPath = /bin/sh;
			shellScript = "\"${SRCROOT}/Pods/Target Support Files/Pods-SurveysList/Pods-SurveysList-frameworks.sh\"\n";
			showEnvVarsInLog = 0;
		};
/* End PBXShellScriptBuildPhase section */

/* Begin PBXSourcesBuildPhase section */
		C5DF1F482259B1EA0033B8D7 /* Sources */ = {
			isa = PBXSourcesBuildPhase;
			buildActionMask = 2147483647;
			files = (
				C5DF1F502259B1EA0033B8D7 /* AppDelegate.swift in Sources */,
				C5DF1F8D2259C88E0033B8D7 /* SurveysService.swift in Sources */,
				C5DF1F8A2259C5690033B8D7 /* SurveyCardCell.swift in Sources */,
				C5DF1F902259C92B0033B8D7 /* BaseService.swift in Sources */,
				C5DF1F7F2259BBB40033B8D7 /* Survey.swift in Sources */,
				C5DF1F982259D4E30033B8D7 /* SurveyTableViewController.swift in Sources */,
			);
			runOnlyForDeploymentPostprocessing = 0;
		};
		C5DF1F5C2259B1EB0033B8D7 /* Sources */ = {
			isa = PBXSourcesBuildPhase;
			buildActionMask = 2147483647;
			files = (
				C5DF1F652259B1EB0033B8D7 /* SurveysListTests.swift in Sources */,
			);
			runOnlyForDeploymentPostprocessing = 0;
		};
		C5DF1F672259B1EB0033B8D7 /* Sources */ = {
			isa = PBXSourcesBuildPhase;
			buildActionMask = 2147483647;
			files = (
				C5DF1F702259B1EB0033B8D7 /* SurveysListUITests.swift in Sources */,
			);
			runOnlyForDeploymentPostprocessing = 0;
		};
/* End PBXSourcesBuildPhase section */

/* Begin PBXTargetDependency section */
		C5DF1F622259B1EB0033B8D7 /* PBXTargetDependency */ = {
			isa = PBXTargetDependency;
			target = C5DF1F4B2259B1EA0033B8D7 /* SurveysList */;
			targetProxy = C5DF1F612259B1EB0033B8D7 /* PBXContainerItemProxy */;
		};
		C5DF1F6D2259B1EB0033B8D7 /* PBXTargetDependency */ = {
			isa = PBXTargetDependency;
			target = C5DF1F4B2259B1EA0033B8D7 /* SurveysList */;
			targetProxy = C5DF1F6C2259B1EB0033B8D7 /* PBXContainerItemProxy */;
		};
/* End PBXTargetDependency section */

/* Begin PBXVariantGroup section */
		C5DF1F532259B1EA0033B8D7 /* Main.storyboard */ = {
			isa = PBXVariantGroup;
			children = (
				C5DF1F542259B1EA0033B8D7 /* Base */,
			);
			name = Main.storyboard;
			sourceTree = "<group>";
		};
		C5DF1F582259B1EB0033B8D7 /* LaunchScreen.storyboard */ = {
			isa = PBXVariantGroup;
			children = (
				C5DF1F592259B1EB0033B8D7 /* Base */,
			);
			name = LaunchScreen.storyboard;
			sourceTree = "<group>";
		};
/* End PBXVariantGroup section */

/* Begin XCBuildConfiguration section */
		C5DF1F722259B1EB0033B8D7 /* Debug */ = {
			isa = XCBuildConfiguration;
			buildSettings = {
				ALWAYS_SEARCH_USER_PATHS = NO;
				CLANG_ANALYZER_NONNULL = YES;
				CLANG_ANALYZER_NUMBER_OBJECT_CONVERSION = YES_AGGRESSIVE;
				CLANG_CXX_LANGUAGE_STANDARD = "gnu++14";
				CLANG_CXX_LIBRARY = "libc++";
				CLANG_ENABLE_MODULES = YES;
				CLANG_ENABLE_OBJC_ARC = YES;
				CLANG_ENABLE_OBJC_WEAK = YES;
				CLANG_WARN_BLOCK_CAPTURE_AUTORELEASING = YES;
				CLANG_WARN_BOOL_CONVERSION = YES;
				CLANG_WARN_COMMA = YES;
				CLANG_WARN_CONSTANT_CONVERSION = YES;
				CLANG_WARN_DEPRECATED_OBJC_IMPLEMENTATIONS = YES;
				CLANG_WARN_DIRECT_OBJC_ISA_USAGE = YES_ERROR;
				CLANG_WARN_DOCUMENTATION_COMMENTS = YES;
				CLANG_WARN_EMPTY_BODY = YES;
				CLANG_WARN_ENUM_CONVERSION = YES;
				CLANG_WARN_INFINITE_RECURSION = YES;
				CLANG_WARN_INT_CONVERSION = YES;
				CLANG_WARN_NON_LITERAL_NULL_CONVERSION = YES;
				CLANG_WARN_OBJC_IMPLICIT_RETAIN_SELF = YES;
				CLANG_WARN_OBJC_LITERAL_CONVERSION = YES;
				CLANG_WARN_OBJC_ROOT_CLASS = YES_ERROR;
				CLANG_WARN_RANGE_LOOP_ANALYSIS = YES;
				CLANG_WARN_STRICT_PROTOTYPES = YES;
				CLANG_WARN_SUSPICIOUS_MOVE = YES;
				CLANG_WARN_UNGUARDED_AVAILABILITY = YES_AGGRESSIVE;
				CLANG_WARN_UNREACHABLE_CODE = YES;
				CLANG_WARN__DUPLICATE_METHOD_MATCH = YES;
				CODE_SIGN_IDENTITY = "iPhone Developer";
				COPY_PHASE_STRIP = NO;
				DEBUG_INFORMATION_FORMAT = dwarf;
				ENABLE_STRICT_OBJC_MSGSEND = YES;
				ENABLE_TESTABILITY = YES;
				GCC_C_LANGUAGE_STANDARD = gnu11;
				GCC_DYNAMIC_NO_PIC = NO;
				GCC_NO_COMMON_BLOCKS = YES;
				GCC_OPTIMIZATION_LEVEL = 0;
				GCC_PREPROCESSOR_DEFINITIONS = (
					"DEBUG=1",
					"$(inherited)",
				);
				GCC_WARN_64_TO_32_BIT_CONVERSION = YES;
				GCC_WARN_ABOUT_RETURN_TYPE = YES_ERROR;
				GCC_WARN_UNDECLARED_SELECTOR = YES;
				GCC_WARN_UNINITIALIZED_AUTOS = YES_AGGRESSIVE;
				GCC_WARN_UNUSED_FUNCTION = YES;
				GCC_WARN_UNUSED_VARIABLE = YES;
				IPHONEOS_DEPLOYMENT_TARGET = 12.1;
				MTL_ENABLE_DEBUG_INFO = INCLUDE_SOURCE;
				MTL_FAST_MATH = YES;
				ONLY_ACTIVE_ARCH = YES;
				SDKROOT = iphoneos;
				SWIFT_ACTIVE_COMPILATION_CONDITIONS = DEBUG;
				SWIFT_OPTIMIZATION_LEVEL = "-Onone";
			};
			name = Debug;
		};
		C5DF1F732259B1EB0033B8D7 /* Release */ = {
			isa = XCBuildConfiguration;
			buildSettings = {
				ALWAYS_SEARCH_USER_PATHS = NO;
				CLANG_ANALYZER_NONNULL = YES;
				CLANG_ANALYZER_NUMBER_OBJECT_CONVERSION = YES_AGGRESSIVE;
				CLANG_CXX_LANGUAGE_STANDARD = "gnu++14";
				CLANG_CXX_LIBRARY = "libc++";
				CLANG_ENABLE_MODULES = YES;
				CLANG_ENABLE_OBJC_ARC = YES;
				CLANG_ENABLE_OBJC_WEAK = YES;
				CLANG_WARN_BLOCK_CAPTURE_AUTORELEASING = YES;
				CLANG_WARN_BOOL_CONVERSION = YES;
				CLANG_WARN_COMMA = YES;
				CLANG_WARN_CONSTANT_CONVERSION = YES;
				CLANG_WARN_DEPRECATED_OBJC_IMPLEMENTATIONS = YES;
				CLANG_WARN_DIRECT_OBJC_ISA_USAGE = YES_ERROR;
				CLANG_WARN_DOCUMENTATION_COMMENTS = YES;
				CLANG_WARN_EMPTY_BODY = YES;
				CLANG_WARN_ENUM_CONVERSION = YES;
				CLANG_WARN_INFINITE_RECURSION = YES;
				CLANG_WARN_INT_CONVERSION = YES;
				CLANG_WARN_NON_LITERAL_NULL_CONVERSION = YES;
				CLANG_WARN_OBJC_IMPLICIT_RETAIN_SELF = YES;
				CLANG_WARN_OBJC_LITERAL_CONVERSION = YES;
				CLANG_WARN_OBJC_ROOT_CLASS = YES_ERROR;
				CLANG_WARN_RANGE_LOOP_ANALYSIS = YES;
				CLANG_WARN_STRICT_PROTOTYPES = YES;
				CLANG_WARN_SUSPICIOUS_MOVE = YES;
				CLANG_WARN_UNGUARDED_AVAILABILITY = YES_AGGRESSIVE;
				CLANG_WARN_UNREACHABLE_CODE = YES;
				CLANG_WARN__DUPLICATE_METHOD_MATCH = YES;
				CODE_SIGN_IDENTITY = "iPhone Developer";
				COPY_PHASE_STRIP = NO;
				DEBUG_INFORMATION_FORMAT = "dwarf-with-dsym";
				ENABLE_NS_ASSERTIONS = NO;
				ENABLE_STRICT_OBJC_MSGSEND = YES;
				GCC_C_LANGUAGE_STANDARD = gnu11;
				GCC_NO_COMMON_BLOCKS = YES;
				GCC_WARN_64_TO_32_BIT_CONVERSION = YES;
				GCC_WARN_ABOUT_RETURN_TYPE = YES_ERROR;
				GCC_WARN_UNDECLARED_SELECTOR = YES;
				GCC_WARN_UNINITIALIZED_AUTOS = YES_AGGRESSIVE;
				GCC_WARN_UNUSED_FUNCTION = YES;
				GCC_WARN_UNUSED_VARIABLE = YES;
				IPHONEOS_DEPLOYMENT_TARGET = 12.1;
				MTL_ENABLE_DEBUG_INFO = NO;
				MTL_FAST_MATH = YES;
				SDKROOT = iphoneos;
				SWIFT_COMPILATION_MODE = wholemodule;
				SWIFT_OPTIMIZATION_LEVEL = "-O";
				VALIDATE_PRODUCT = YES;
			};
			name = Release;
		};
		C5DF1F752259B1EB0033B8D7 /* Debug */ = {
			isa = XCBuildConfiguration;
			baseConfigurationReference = 63BB8D161303FBC247D2C606 /* Pods-SurveysList.debug.xcconfig */;
			buildSettings = {
				ASSETCATALOG_COMPILER_APPICON_NAME = AppIcon;
				CODE_SIGN_STYLE = Manual;
				DEVELOPMENT_TEAM = "";
				INFOPLIST_FILE = SurveysList/Info.plist;
				IPHONEOS_DEPLOYMENT_TARGET = 10.0;
				LD_RUNPATH_SEARCH_PATHS = (
					"$(inherited)",
					"@executable_path/Frameworks",
				);
				PRODUCT_BUNDLE_IDENTIFIER = Nimble.SurveysList;
				PRODUCT_NAME = "$(TARGET_NAME)";
				PROVISIONING_PROFILE_SPECIFIER = "";
				SWIFT_VERSION = 4.2;
				TARGETED_DEVICE_FAMILY = "1,2";
			};
			name = Debug;
		};
		C5DF1F762259B1EB0033B8D7 /* Release */ = {
			isa = XCBuildConfiguration;
			baseConfigurationReference = 6EB48A2291BAF6D7CFF14079 /* Pods-SurveysList.release.xcconfig */;
			buildSettings = {
				ASSETCATALOG_COMPILER_APPICON_NAME = AppIcon;
				CODE_SIGN_STYLE = Manual;
				DEVELOPMENT_TEAM = "";
				INFOPLIST_FILE = SurveysList/Info.plist;
				IPHONEOS_DEPLOYMENT_TARGET = 10.0;
				LD_RUNPATH_SEARCH_PATHS = (
					"$(inherited)",
					"@executable_path/Frameworks",
				);
				PRODUCT_BUNDLE_IDENTIFIER = Nimble.SurveysList;
				PRODUCT_NAME = "$(TARGET_NAME)";
				PROVISIONING_PROFILE_SPECIFIER = "";
				SWIFT_VERSION = 4.2;
				TARGETED_DEVICE_FAMILY = "1,2";
			};
			name = Release;
		};
		C5DF1F782259B1EB0033B8D7 /* Debug */ = {
			isa = XCBuildConfiguration;
			buildSettings = {
				ALWAYS_EMBED_SWIFT_STANDARD_LIBRARIES = YES;
				BUNDLE_LOADER = "$(TEST_HOST)";
				CODE_SIGN_STYLE = Automatic;
				INFOPLIST_FILE = SurveysListTests/Info.plist;
				LD_RUNPATH_SEARCH_PATHS = (
					"$(inherited)",
					"@executable_path/Frameworks",
					"@loader_path/Frameworks",
				);
				PRODUCT_BUNDLE_IDENTIFIER = Nimble.SurveysListTests;
				PRODUCT_NAME = "$(TARGET_NAME)";
				SWIFT_VERSION = 4.2;
				TARGETED_DEVICE_FAMILY = "1,2";
				TEST_HOST = "$(BUILT_PRODUCTS_DIR)/SurveysList.app/SurveysList";
			};
			name = Debug;
		};
		C5DF1F792259B1EB0033B8D7 /* Release */ = {
			isa = XCBuildConfiguration;
			buildSettings = {
				ALWAYS_EMBED_SWIFT_STANDARD_LIBRARIES = YES;
				BUNDLE_LOADER = "$(TEST_HOST)";
				CODE_SIGN_STYLE = Automatic;
				INFOPLIST_FILE = SurveysListTests/Info.plist;
				LD_RUNPATH_SEARCH_PATHS = (
					"$(inherited)",
					"@executable_path/Frameworks",
					"@loader_path/Frameworks",
				);
				PRODUCT_BUNDLE_IDENTIFIER = Nimble.SurveysListTests;
				PRODUCT_NAME = "$(TARGET_NAME)";
				SWIFT_VERSION = 4.2;
				TARGETED_DEVICE_FAMILY = "1,2";
				TEST_HOST = "$(BUILT_PRODUCTS_DIR)/SurveysList.app/SurveysList";
			};
			name = Release;
		};
		C5DF1F7B2259B1EB0033B8D7 /* Debug */ = {
			isa = XCBuildConfiguration;
			buildSettings = {
				ALWAYS_EMBED_SWIFT_STANDARD_LIBRARIES = YES;
				CODE_SIGN_STYLE = Automatic;
				INFOPLIST_FILE = SurveysListUITests/Info.plist;
				LD_RUNPATH_SEARCH_PATHS = (
					"$(inherited)",
					"@executable_path/Frameworks",
					"@loader_path/Frameworks",
				);
				PRODUCT_BUNDLE_IDENTIFIER = Nimble.SurveysListUITests;
				PRODUCT_NAME = "$(TARGET_NAME)";
				SWIFT_VERSION = 4.2;
				TARGETED_DEVICE_FAMILY = "1,2";
				TEST_TARGET_NAME = SurveysList;
			};
			name = Debug;
		};
		C5DF1F7C2259B1EB0033B8D7 /* Release */ = {
			isa = XCBuildConfiguration;
			buildSettings = {
				ALWAYS_EMBED_SWIFT_STANDARD_LIBRARIES = YES;
				CODE_SIGN_STYLE = Automatic;
				INFOPLIST_FILE = SurveysListUITests/Info.plist;
				LD_RUNPATH_SEARCH_PATHS = (
					"$(inherited)",
					"@executable_path/Frameworks",
					"@loader_path/Frameworks",
				);
				PRODUCT_BUNDLE_IDENTIFIER = Nimble.SurveysListUITests;
				PRODUCT_NAME = "$(TARGET_NAME)";
				SWIFT_VERSION = 4.2;
				TARGETED_DEVICE_FAMILY = "1,2";
				TEST_TARGET_NAME = SurveysList;
			};
			name = Release;
		};
/* End XCBuildConfiguration section */

/* Begin XCConfigurationList section */
		C5DF1F472259B1EA0033B8D7 /* Build configuration list for PBXProject "SurveysList" */ = {
			isa = XCConfigurationList;
			buildConfigurations = (
				C5DF1F722259B1EB0033B8D7 /* Debug */,
				C5DF1F732259B1EB0033B8D7 /* Release */,
			);
			defaultConfigurationIsVisible = 0;
			defaultConfigurationName = Release;
		};
		C5DF1F742259B1EB0033B8D7 /* Build configuration list for PBXNativeTarget "SurveysList" */ = {
			isa = XCConfigurationList;
			buildConfigurations = (
				C5DF1F752259B1EB0033B8D7 /* Debug */,
				C5DF1F762259B1EB0033B8D7 /* Release */,
			);
			defaultConfigurationIsVisible = 0;
			defaultConfigurationName = Release;
		};
		C5DF1F772259B1EB0033B8D7 /* Build configuration list for PBXNativeTarget "SurveysListTests" */ = {
			isa = XCConfigurationList;
			buildConfigurations = (
				C5DF1F782259B1EB0033B8D7 /* Debug */,
				C5DF1F792259B1EB0033B8D7 /* Release */,
			);
			defaultConfigurationIsVisible = 0;
			defaultConfigurationName = Release;
		};
		C5DF1F7A2259B1EB0033B8D7 /* Build configuration list for PBXNativeTarget "SurveysListUITests" */ = {
			isa = XCConfigurationList;
			buildConfigurations = (
				C5DF1F7B2259B1EB0033B8D7 /* Debug */,
				C5DF1F7C2259B1EB0033B8D7 /* Release */,
			);
			defaultConfigurationIsVisible = 0;
			defaultConfigurationName = Release;
		};
/* End XCConfigurationList section */
	};
	rootObject = C5DF1F442259B1EA0033B8D7 /* Project object */;
}
